
Microsoft Visual Studio Solution File, Format Version 12.00
# Visual Studio Version 16
VisualStudioVersion = 16.0.30011.22
MinimumVisualStudioVersion = 10.0.40219.1
Project("{9A19103F-16F7-4668-BE54-9A1E7A4F7556}") = "Comdirect.Auth.CSharp", "Comdirect.Auth.CSharp.csproj", "{A934100D-67E9-4792-8B28-DEA924E8F1CD}"
EndProject
Project("{FAE04EC0-301F-11D3-BF4B-00C04F79EFBC}") = "Comdirect.Auth.CSharp.Sample", "..\Comdirect.Auth.CSharp.Sample\Comdirect.Auth.CSharp.Sample.csproj", "{0C509B96-88E2-4954-B9BD-CA6DFE454E4C}"
EndProject
Global
	GlobalSection(SolutionConfigurationPlatforms) = preSolution
		Debug|Any CPU = Debug|Any CPU
		Release|Any CPU = Release|Any CPU
	EndGlobalSection
	GlobalSection(ProjectConfigurationPlatforms) = postSolution
		{A934100D-67E9-4792-8B28-DEA924E8F1CD}.Debug|Any CPU.ActiveCfg = Debug|Any CPU
		{A934100D-67E9-4792-8B28-DEA924E8F1CD}.Debug|Any CPU.Build.0 = Debug|Any CPU
		{A934100D-67E9-4792-8B28-DEA924E8F1CD}.Release|Any CPU.ActiveCfg = Release|Any CPU
		{A934100D-67E9-4792-8B28-DEA924E8F1CD}.Release|Any CPU.Build.0 = Release|Any CPU
		{0C509B96-88E2-4954-B9BD-CA6DFE454E4C}.Debug|Any CPU.ActiveCfg = Debug|Any CPU
		{0C509B96-88E2-4954-B9BD-CA6DFE454E4C}.Debug|Any CPU.Build.0 = Debug|Any CPU
		{0C509B96-88E2-4954-B9BD-CA6DFE454E4C}.Release|Any CPU.ActiveCfg = Release|Any CPU
		{0C509B96-88E2-4954-B9BD-CA6DFE454E4C}.Release|Any CPU.Build.0 = Release|Any CPU
	EndGlobalSection
	GlobalSection(SolutionProperties) = preSolution
		HideSolutionNode = FALSE
	EndGlobalSection
	GlobalSection(ExtensibilityGlobals) = postSolution
		SolutionGuid = {0063B067-EAFE-4EAA-A2E0-632EBF9EBC13}
	EndGlobalSection
EndGlobal
